
Microsoft Visual Studio Solution File, Format Version 12.00
# Visual Studio Version 17
VisualStudioVersion = 17.4.33213.308
MinimumVisualStudioVersion = 10.0.40219.1
Project("{FAE04EC0-301F-11D3-BF4B-00C04F79EFBC}") = "ProjectB", "ProjectB\ProjectB.csproj", "{D32BBE11-4802-4D4B-A0AA-AC60A2BFF399}"
EndProject
Project("{FAE04EC0-301F-11D3-BF4B-00C04F79EFBC}") = "ProjectC", "ProjectC\ProjectC.csproj", "{13195EED-5AF8-46FE-BCB0-6441C492BD08}"
EndProject
Project("{FAE04EC0-301F-11D3-BF4B-00C04F79EFBC}") = "ProjectA-net6.0", "ProjectA-net6.0\ProjectA-net6.0.csproj", "{D5DD0234-D5FC-485E-9C10-A5D07A5625ED}"
EndProject
Project("{FAE04EC0-301F-11D3-BF4B-00C04F79EFBC}") = "ProjectA-net48", "ProjectA-net48\ProjectA-net48.csproj", "{D14B7C51-7748-45DC-8AE5-77C636BDCB00}"
EndProject
Global
	GlobalSection(SolutionConfigurationPlatforms) = preSolution
		Debug|Any CPU = Debug|Any CPU
		Release|Any CPU = Release|Any CPU
	EndGlobalSection
	GlobalSection(ProjectConfigurationPlatforms) = postSolution
		{D32BBE11-4802-4D4B-A0AA-AC60A2BFF399}.Debug|Any CPU.ActiveCfg = Debug|Any CPU
		{D32BBE11-4802-4D4B-A0AA-AC60A2BFF399}.Debug|Any CPU.Build.0 = Debug|Any CPU
		{D32BBE11-4802-4D4B-A0AA-AC60A2BFF399}.Release|Any CPU.ActiveCfg = Release|Any CPU
		{D32BBE11-4802-4D4B-A0AA-AC60A2BFF399}.Release|Any CPU.Build.0 = Release|Any CPU
		{13195EED-5AF8-46FE-BCB0-6441C492BD08}.Debug|Any CPU.ActiveCfg = Debug|Any CPU
		{13195EED-5AF8-46FE-BCB0-6441C492BD08}.Debug|Any CPU.Build.0 = Debug|Any CPU
		{13195EED-5AF8-46FE-BCB0-6441C492BD08}.Release|Any CPU.ActiveCfg = Release|Any CPU
		{13195EED-5AF8-46FE-BCB0-6441C492BD08}.Release|Any CPU.Build.0 = Release|Any CPU
		{D5DD0234-D5FC-485E-9C10-A5D07A5625ED}.Debug|Any CPU.ActiveCfg = Debug|Any CPU
		{D5DD0234-D5FC-485E-9C10-A5D07A5625ED}.Debug|Any CPU.Build.0 = Debug|Any CPU
		{D5DD0234-D5FC-485E-9C10-A5D07A5625ED}.Release|Any CPU.ActiveCfg = Release|Any CPU
		{D5DD0234-D5FC-485E-9C10-A5D07A5625ED}.Release|Any CPU.Build.0 = Release|Any CPU
		{D14B7C51-7748-45DC-8AE5-77C636BDCB00}.Debug|Any CPU.ActiveCfg = Debug|Any CPU
		{D14B7C51-7748-45DC-8AE5-77C636BDCB00}.Debug|Any CPU.Build.0 = Debug|Any CPU
		{D14B7C51-7748-45DC-8AE5-77C636BDCB00}.Release|Any CPU.ActiveCfg = Release|Any CPU
		{D14B7C51-7748-45DC-8AE5-77C636BDCB00}.Release|Any CPU.Build.0 = Release|Any CPU
	EndGlobalSection
	GlobalSection(SolutionProperties) = preSolution
		HideSolutionNode = FALSE
	EndGlobalSection
	GlobalSection(ExtensibilityGlobals) = postSolution
		SolutionGuid = {A9A3D24F-85C4-48A6-97AD-07854A3CA573}
	EndGlobalSection
EndGlobal
